
Microsoft Visual Studio Solution File, Format Version 12.00
# Visual Studio Version 17
VisualStudioVersion = 17.13.35825.156 d17.13
MinimumVisualStudioVersion = 10.0.40219.1
Project("{FAE04EC0-301F-11D3-BF4B-00C04F79EFBC}") = "RoboTupiniquim.ConsoleApp", "RoboTupiniquim.ConsoleApp\RoboTupiniquim.ConsoleApp.csproj", "{109AF485-7A1F-46A8-801A-124A2FE8D6EE}"
EndProject
Global
	GlobalSection(SolutionConfigurationPlatforms) = preSolution
		Debug|Any CPU = Debug|Any CPU
		Release|Any CPU = Release|Any CPU
	EndGlobalSection
	GlobalSection(ProjectConfigurationPlatforms) = postSolution
		{109AF485-7A1F-46A8-801A-124A2FE8D6EE}.Debug|Any CPU.ActiveCfg = Debug|Any CPU
		{109AF485-7A1F-46A8-801A-124A2FE8D6EE}.Debug|Any CPU.Build.0 = Debug|Any CPU
		{109AF485-7A1F-46A8-801A-124A2FE8D6EE}.Release|Any CPU.ActiveCfg = Release|Any CPU
		{109AF485-7A1F-46A8-801A-124A2FE8D6EE}.Release|Any CPU.Build.0 = Release|Any CPU
	EndGlobalSection
	GlobalSection(SolutionProperties) = preSolution
		HideSolutionNode = FALSE
	EndGlobalSection
	GlobalSection(ExtensibilityGlobals) = postSolution
		SolutionGuid = {22733127-B0A4-455B-B971-23D266F16FCD}
	EndGlobalSection
EndGlobal
